
Microsoft Visual Studio Solution File, Format Version 12.00
# Visual Studio Version 17
VisualStudioVersion = 17.2.32630.192
MinimumVisualStudioVersion = 10.0.40219.1
Project("{FAE04EC0-301F-11D3-BF4B-00C04F79EFBC}") = "iFrame Calculator", "iFrame Calculator\iFrame Calculator.csproj", "{55AB497C-CCBD-4FF1-8713-F731E3F2C9FD}"
EndProject
Global
	GlobalSection(SolutionConfigurationPlatforms) = preSolution
		Debug|Any CPU = Debug|Any CPU
		Release|Any CPU = Release|Any CPU
	EndGlobalSection
	GlobalSection(ProjectConfigurationPlatforms) = postSolution
		{55AB497C-CCBD-4FF1-8713-F731E3F2C9FD}.Debug|Any CPU.ActiveCfg = Debug|Any CPU
		{55AB497C-CCBD-4FF1-8713-F731E3F2C9FD}.Debug|Any CPU.Build.0 = Debug|Any CPU
		{55AB497C-CCBD-4FF1-8713-F731E3F2C9FD}.Release|Any CPU.ActiveCfg = Release|Any CPU
		{55AB497C-CCBD-4FF1-8713-F731E3F2C9FD}.Release|Any CPU.Build.0 = Release|Any CPU
	EndGlobalSection
	GlobalSection(SolutionProperties) = preSolution
		HideSolutionNode = FALSE
	EndGlobalSection
	GlobalSection(ExtensibilityGlobals) = postSolution
		SolutionGuid = {894A0EB4-9C4D-4380-8FD0-823672D0B137}
	EndGlobalSection
EndGlobal
